
Microsoft Visual Studio Solution File, Format Version 12.00
# Visual Studio Version 16
VisualStudioVersion = 16.0.29728.190
MinimumVisualStudioVersion = 10.0.40219.1
Project("{FAE04EC0-301F-11D3-BF4B-00C04F79EFBC}") = "Kata", "Kata\Kata.csproj", "{5D00F555-81E7-456D-A890-7B89A3765970}"
EndProject
Project("{FAE04EC0-301F-11D3-BF4B-00C04F79EFBC}") = "Kata.Tests", "Kata.Tests\Kata.Tests.csproj", "{22A93A86-9F2D-4A57-90A9-54E149F78C51}"
EndProject
Global
	GlobalSection(SolutionConfigurationPlatforms) = preSolution
		Debug|Any CPU = Debug|Any CPU
		Release|Any CPU = Release|Any CPU
	EndGlobalSection
	GlobalSection(ProjectConfigurationPlatforms) = postSolution
		{5D00F555-81E7-456D-A890-7B89A3765970}.Debug|Any CPU.ActiveCfg = Debug|Any CPU
		{5D00F555-81E7-456D-A890-7B89A3765970}.Debug|Any CPU.Build.0 = Debug|Any CPU
		{5D00F555-81E7-456D-A890-7B89A3765970}.Release|Any CPU.ActiveCfg = Release|Any CPU
		{5D00F555-81E7-456D-A890-7B89A3765970}.Release|Any CPU.Build.0 = Release|Any CPU
		{22A93A86-9F2D-4A57-90A9-54E149F78C51}.Debug|Any CPU.ActiveCfg = Debug|Any CPU
		{22A93A86-9F2D-4A57-90A9-54E149F78C51}.Debug|Any CPU.Build.0 = Debug|Any CPU
		{22A93A86-9F2D-4A57-90A9-54E149F78C51}.Release|Any CPU.ActiveCfg = Release|Any CPU
		{22A93A86-9F2D-4A57-90A9-54E149F78C51}.Release|Any CPU.Build.0 = Release|Any CPU
	EndGlobalSection
	GlobalSection(SolutionProperties) = preSolution
		HideSolutionNode = FALSE
	EndGlobalSection
	GlobalSection(ExtensibilityGlobals) = postSolution
		SolutionGuid = {3EDA5810-AFCF-41A7-A1A9-F46A3FA3C1D3}
	EndGlobalSection
EndGlobal
